
Microsoft Visual Studio Solution File, Format Version 12.00
# Visual Studio 15
VisualStudioVersion = 15.0.26228.9
MinimumVisualStudioVersion = 10.0.40219.1
Project("{FAE04EC0-301F-11D3-BF4B-00C04F79EFBC}") = "FintEventModel", "FintEventModel\FintEventModel.csproj", "{63FA5D4E-A3FC-4B2F-8DCF-C8F54D406210}"
EndProject
Project("{FAE04EC0-301F-11D3-BF4B-00C04F79EFBC}") = "FintEventModel.Tests", "FintEventModel.Tests\FintEventModel.Tests.csproj", "{9530FAFE-4F4E-4666-8179-DE5B5BC629F2}"
EndProject
Global
	GlobalSection(SolutionConfigurationPlatforms) = preSolution
		Debug|Any CPU = Debug|Any CPU
		Release|Any CPU = Release|Any CPU
	EndGlobalSection
	GlobalSection(ProjectConfigurationPlatforms) = postSolution
		{63FA5D4E-A3FC-4B2F-8DCF-C8F54D406210}.Debug|Any CPU.ActiveCfg = Debug|Any CPU
		{63FA5D4E-A3FC-4B2F-8DCF-C8F54D406210}.Debug|Any CPU.Build.0 = Debug|Any CPU
		{63FA5D4E-A3FC-4B2F-8DCF-C8F54D406210}.Release|Any CPU.ActiveCfg = Release|Any CPU
		{63FA5D4E-A3FC-4B2F-8DCF-C8F54D406210}.Release|Any CPU.Build.0 = Release|Any CPU
		{9530FAFE-4F4E-4666-8179-DE5B5BC629F2}.Debug|Any CPU.ActiveCfg = Debug|Any CPU
		{9530FAFE-4F4E-4666-8179-DE5B5BC629F2}.Debug|Any CPU.Build.0 = Debug|Any CPU
		{9530FAFE-4F4E-4666-8179-DE5B5BC629F2}.Release|Any CPU.ActiveCfg = Release|Any CPU
		{9530FAFE-4F4E-4666-8179-DE5B5BC629F2}.Release|Any CPU.Build.0 = Release|Any CPU
	EndGlobalSection
	GlobalSection(SolutionProperties) = preSolution
		HideSolutionNode = FALSE
	EndGlobalSection
EndGlobal
